{
  "name": "arm-robot",
  "version": "0.0.1",
  "lockfileVersion": 1,
  "requires": true,
  "dependencies": {
    "@ionic/core": {
      "version": "5.6.7",
      "resolved": "https://registry.npmjs.org/@ionic/core/-/core-5.6.7.tgz",
      "integrity": "sha512-bLH1sS2DI+C8trfYe/L96G2y+hJ9fK/azrNqGvGwHQAPy2li89DldbH+wPqe/Wclru8ZaWjRv35AyLBawixC2w==",
      "dev": true,
      "requires": {
        "@stencil/core": "^2.4.0",
        "ionicons": "^5.5.1",
        "tslib": "^2.1.0"
      }
    },
    "@stencil/core": {
      "version": "2.5.2",
      "resolved": "https://registry.npmjs.org/@stencil/core/-/core-2.5.2.tgz",
      "integrity": "sha512-bgjPXkSzzg1WnTgVUm6m5ZzpKt602WmA/QljODAW1xVN40OHJdbGblzF/F6MFzqv2c5Cy30CB41arc8qADIdcQ==",
      "dev": true
    },
    "ionicons": {
      "version": "5.5.1",
      "resolved": "https://registry.npmjs.org/ionicons/-/ionicons-5.5.1.tgz",
      "integrity": "sha512-1auVisfaXmkmxINer8Q3kJGHP1vSxk86hf7By95eJ+Av9+oBcNuAEBfSe3jaMaGRVxVw8U/2j23MFq7R3c0HPg==",
      "dev": true,
      "requires": {
        "@stencil/core": "^2.5.0"
      }
    },
    "tslib": {
      "version": "2.2.0",
      "resolved": "https://registry.npmjs.org/tslib/-/tslib-2.2.0.tgz",
      "integrity": "sha512-gS9GVHRU+RGn5KQM2rllAlR3dU6m7AcpJKdtH8gFvQiC4Otgk98XnmMU+nZenHt/+VhnBPWwgrJsyrdcw6i23w==",
      "dev": true
    }
  }
}
